<?xml version="1.0" encoding="utf-8"?>
<Project ToolsVersion="4.0" xmlns="http://schemas.microsoft.com/developer/msbuild/2003">
  <ItemGroup>
    <Filter Include="Source Files">
      <UniqueIdentifier>{4FC737F1-C7A5-4376-A066-2A32D752A2FF}</UniqueIdentifier>
      <Extensions>cpp;c;cc;cxx;def;odl;idl;hpj;bat;asm;asmx</Extensions>
    </Filter>
    <Filter Include="Header Files">
      <UniqueIdentifier>{93995380-89BD-4b04-88EB-625FBE52EBFB}</UniqueIdentifier>
      <Extensions>h;hh;hpp;hxx;hm;inl;inc;xsd</Extensions>
    </Filter>
    <Filter Include="Resource Files">
      <UniqueIdentifier>{67DA6AB6-F800-4c08-8B7A-83BB121AAD01}</UniqueIdentifier>
      <Extensions>rc;ico;cur;bmp;dlg;rc2;rct;bin;rgs;gif;jpg;jpeg;jpe;resx;tiff;tif;png;wav</Extensions>
    </Filter>
  </ItemGroup>
  <ItemGroup>
    <ClCompile Include="2023\day00_boilerplate\00_boilerplate.cpp">
      <Filter>Source Files</Filter>
    </ClCompile>
    <ClCompile Include="2023\day01_trebuchet\01_trebuchet.cpp">
      <Filter>Source Files</Filter>
    </ClCompile>
    <ClCompile Include="2023\day02_cube_conundrum\02_cube_conundrum.cpp">
      <Filter>Source Files</Filter>
    </ClCompile>
    <ClCompile Include="2023\day03_gear_ratios\03_gear_ratios.cpp">
      <Filter>Source Files</Filter>
    </ClCompile>
    <ClCompile Include="2023\day04_scratchcards\04_scratchcards.cpp">
      <Filter>Source Files</Filter>
    </ClCompile>
    <ClCompile Include="2023\day05_seeds\05_seeds.cpp">
      <Filter>Source Files</Filter>
    </ClCompile>
    <ClCompile Include="2023\day06_wait_for_it\06_wait_for_it.cpp">
      <Filter>Source Files</Filter>
    </ClCompile>
    <ClCompile Include="2023\day07_camel_cards\07_camel_cards.cpp">
      <Filter>Source Files</Filter>
    </ClCompile>
    <ClCompile Include="2023\day08_haunted_wasteland\08_haunted_wasteland.cpp">
      <Filter>Source Files</Filter>
    </ClCompile>
    <ClCompile Include="2023\day09_mirage_maintenance\09_mirage_maintenance.cpp">
      <Filter>Source Files</Filter>
    </ClCompile>
    <ClCompile Include="2023\day10_pipe_maze\10_pipe_maze.cpp">
      <Filter>Source Files</Filter>
    </ClCompile>
    <ClCompile Include="2023\day11_cosmic_expansion\11_cosmic_expansion.cpp">
      <Filter>Source Files</Filter>
    </ClCompile>
    <ClCompile Include="2023\day12_hot_springs\12_hot_springs.cpp">
      <Filter>Source Files</Filter>
    </ClCompile>
    <ClCompile Include="2023\day13_incidence\13_incidence.cpp">
      <Filter>Source Files</Filter>
    </ClCompile>
    <ClCompile Include="2023\day14_parabolic_dish\14_parabolic_dish.cpp">
      <Filter>Source Files</Filter>
    </ClCompile>
    <ClCompile Include="2023\day15_lens_library\15_lens_library.cpp">
      <Filter>Source Files</Filter>
    </ClCompile>
    <ClCompile Include="2023\day16_floor_will_be_lava\16_floor_will_be_lava.cpp">
      <Filter>Source Files</Filter>
    </ClCompile>
    <ClCompile Include="2023\day17_no_solution_found\17_clumsy_crucible.cpp">
      <Filter>Source Files</Filter>
    </ClCompile>
    <ClCompile Include="2023\day18_lavaduct_lagoon\18_lavaduct_lagoon.cpp">
      <Filter>Source Files</Filter>
    </ClCompile>
    <ClCompile Include="2023\day19_aplenty\19_aplenty.cpp">
      <Filter>Source Files</Filter>
    </ClCompile>
    <ClCompile Include="2023\day20_pulse_propagation\20_pulse_propagation.cpp">
      <Filter>Source Files</Filter>
    </ClCompile>
    <ClCompile Include="2023\day21_step_counter\21_step_counter.cpp">
      <Filter>Source Files</Filter>
    </ClCompile>
    <ClCompile Include="2024\day00_boilerplate\00_boilerplate.cpp">
      <Filter>Source Files</Filter>
    </ClCompile>
  </ItemGroup>
  <ItemGroup>
    <ClInclude Include="timer_utility.h">
      <Filter>Header Files</Filter>
    </ClInclude>
  </ItemGroup>
</Project>