
Microsoft Visual Studio Solution File, Format Version 12.00
# Visual Studio Version 17
VisualStudioVersion = 17.11.35431.28
MinimumVisualStudioVersion = 10.0.40219.1
Project("{2150E333-8FDC-42A3-9474-1A3956D46DE8}") = "2023", "2023", "{6B66E2D4-204A-4D06-9916-0B77C223C1F3}"
EndProject
Project("{2150E333-8FDC-42A3-9474-1A3956D46DE8}") = "2024", "2024", "{9C63F9AA-9C7D-4180-812E-24DD3AB46F2A}"
EndProject
Project("{2150E333-8FDC-42A3-9474-1A3956D46DE8}") = "others", "others", "{C286723A-AA9E-4407-8FD9-FC85AFFFF7D7}"
	ProjectSection(SolutionItems) = preProject
		.gitignore = .gitignore
		other\boilerplate.cpp = other\boilerplate.cpp
		change_input.txt = change_input.txt
		change_test.txt = change_test.txt
		other\include_everything.h = other\include_everything.h
		other\input.txt = other\input.txt
		other\output.txt = other\output.txt
		other\test.txt = other\test.txt
		other\timer_utility.h = other\timer_utility.h
	EndProjectSection
EndProject
Project("{8BC9CEB8-8B4A-11D0-8D11-00A0C91BC942}") = "01_trebuchet", "2023\01_trebuchet\01_trebuchet.vcxproj", "{623437A3-00C7-4C99-B6B1-8733933B2D35}"
EndProject
Project("{8BC9CEB8-8B4A-11D0-8D11-00A0C91BC942}") = "02_cube_conondrum", "2023\02_cube_conondrum\02_cube_conondrum.vcxproj", "{DF19D07B-2089-42C2-911E-C0C538258693}"
EndProject
Project("{8BC9CEB8-8B4A-11D0-8D11-00A0C91BC942}") = "03_gear_ratios", "2023\03_gear_ratios\03_gear_ratios.vcxproj", "{36B59BB7-DAAB-468F-A156-028C4D8D947A}"
EndProject
Project("{8BC9CEB8-8B4A-11D0-8D11-00A0C91BC942}") = "04_scratchcards", "2023\04_scratchcards\04_scratchcards.vcxproj", "{26BA023F-0B4B-4BDD-8B2C-510883F811E5}"
EndProject
Project("{8BC9CEB8-8B4A-11D0-8D11-00A0C91BC942}") = "05_seeds", "2023\05_seeds\05_seeds.vcxproj", "{9BFEB338-0DA6-499D-8664-1431E444E93E}"
EndProject
Project("{8BC9CEB8-8B4A-11D0-8D11-00A0C91BC942}") = "06_wait_for_it", "2023\06_wait_for_it\06_wait_for_it.vcxproj", "{3EF33F60-F10C-4B65-8514-1EB7E8F8DB82}"
EndProject
Project("{8BC9CEB8-8B4A-11D0-8D11-00A0C91BC942}") = "07_camel_cards", "2023\07_camel_cards\07_camel_cards.vcxproj", "{8C65EC1A-2D05-402C-93E5-AFD349AA3552}"
EndProject
Project("{8BC9CEB8-8B4A-11D0-8D11-00A0C91BC942}") = "08_haunted_wastelad", "2023\08_haunted_wastelad\08_haunted_wastelad.vcxproj", "{F63F4241-F12E-41CE-A21A-A155B0ABCDF5}"
EndProject
Project("{8BC9CEB8-8B4A-11D0-8D11-00A0C91BC942}") = "09_mirage_maintenance", "2023\09_mirage_maintenance\09_mirage_maintenance.vcxproj", "{2A9C0060-C8A6-4F70-9C45-C90A7B3D6E39}"
EndProject
Project("{8BC9CEB8-8B4A-11D0-8D11-00A0C91BC942}") = "10_pipe_made", "2023\10_pipe_made\10_pipe_made.vcxproj", "{134AEAAA-F26F-4C14-9601-8789A5D1B6FC}"
EndProject
Project("{8BC9CEB8-8B4A-11D0-8D11-00A0C91BC942}") = "11_cosmic_expansion", "2023\11_cosmic_expansion\11_cosmic_expansion.vcxproj", "{37FC8E41-4B19-4456-902F-1AD934C5E335}"
EndProject
Project("{8BC9CEB8-8B4A-11D0-8D11-00A0C91BC942}") = "12_hot_springs", "2023\12_hot_springs\12_hot_springs.vcxproj", "{FACA9C67-53D3-456A-9390-E724715D3D4A}"
EndProject
Project("{8BC9CEB8-8B4A-11D0-8D11-00A0C91BC942}") = "13_incidence", "2023\13_incidence\13_incidence.vcxproj", "{247D5CA1-BCE8-4F55-8E17-317142833A65}"
EndProject
Project("{8BC9CEB8-8B4A-11D0-8D11-00A0C91BC942}") = "14_parabolic_dish", "2023\14_parabolic_dish\14_parabolic_dish.vcxproj", "{61624FD7-5D4E-4E8C-84AC-14E4BFF399EE}"
EndProject
Project("{8BC9CEB8-8B4A-11D0-8D11-00A0C91BC942}") = "15_lens_library", "2023\15_lens_library\15_lens_library.vcxproj", "{1A65F28D-8AB4-4A10-9C6F-C76E3D43BBD5}"
EndProject
Project("{8BC9CEB8-8B4A-11D0-8D11-00A0C91BC942}") = "16_floor_will_be_lava", "2023\16_floor_will_be_lava\16_floor_will_be_lava.vcxproj", "{40ACF365-D412-407F-B7FC-F758FABDF6DF}"
EndProject
Project("{8BC9CEB8-8B4A-11D0-8D11-00A0C91BC942}") = "18_lavaduct_lagoon", "2023\18_lavaduct_lagoon\18_lavaduct_lagoon.vcxproj", "{51A9E1EC-2F67-45A7-B0F9-508C010068C4}"
EndProject
Project("{8BC9CEB8-8B4A-11D0-8D11-00A0C91BC942}") = "19_aplenty", "2023\19_aplenty\19_aplenty.vcxproj", "{B46BE0F2-F9D6-495F-B27F-3698F8AC3620}"
EndProject
Project("{8BC9CEB8-8B4A-11D0-8D11-00A0C91BC942}") = "20_pulse_propagation", "2023\20_pulse_propagation\20_pulse_propagation.vcxproj", "{50292C65-E414-4F81-982D-BDAC279E5BDC}"
EndProject
Project("{8BC9CEB8-8B4A-11D0-8D11-00A0C91BC942}") = "21_step_counter", "2023\21_step_counter\21_step_counter.vcxproj", "{55E70935-C4F8-46AF-9D73-B6621FD30922}"
EndProject
Project("{8BC9CEB8-8B4A-11D0-8D11-00A0C91BC942}") = "01_historian", "2024\01_historian\01_historian.vcxproj", "{E3B4E74F-0C95-41AB-AF2C-1D4E9EE0CCEC}"
EndProject
Project("{8BC9CEB8-8B4A-11D0-8D11-00A0C91BC942}") = "02_red_nosed", "2024\02_red_nosed\02_red_nosed.vcxproj", "{D8129057-8FCC-47A1-8EFF-DC290F8217A7}"
EndProject
Project("{8BC9CEB8-8B4A-11D0-8D11-00A0C91BC942}") = "03_mull_it_over", "2024\03_mull_it_over\03_mull_it_over.vcxproj", "{DED8E28C-A274-4460-A650-75CA0526579F}"
EndProject
Project("{8BC9CEB8-8B4A-11D0-8D11-00A0C91BC942}") = "04_ceres_search", "2024\04_ceres_search\04_ceres_search.vcxproj", "{3C286335-27B5-4A6B-A16B-795E27507C76}"
EndProject
Project("{8BC9CEB8-8B4A-11D0-8D11-00A0C91BC942}") = "05_print_queue", "2024\05_print_queue\05_print_queue.vcxproj", "{97FD0230-9CE8-4D60-B166-145DE1D0CF04}"
EndProject
Project("{8BC9CEB8-8B4A-11D0-8D11-00A0C91BC942}") = "06_guard_gallivant", "2024\06_guard_gallivant\06_guard_gallivant.vcxproj", "{4CBF2E3E-3DFC-4282-A5EA-716EE7D0FC99}"
EndProject
Project("{8BC9CEB8-8B4A-11D0-8D11-00A0C91BC942}") = "07_bridge_repair", "2024\07_Bridge_Repair\07_Bridge_Repair.vcxproj", "{C8835810-DE3B-492C-98A4-034D4F995737}"
EndProject
Project("{8BC9CEB8-8B4A-11D0-8D11-00A0C91BC942}") = "08_resonant_collinearity", "2024\08_resonant_collinearity\08_resonant_collinearity.vcxproj", "{A25F8F8A-EA2C-405A-8091-7ED01EC195B9}"
EndProject
Project("{8BC9CEB8-8B4A-11D0-8D11-00A0C91BC942}") = "09_disk_fragmenter", "2024\09_disk_fragmenter\09_disk_fragmenter.vcxproj", "{C9242BC3-AF7F-4C27-B8B8-C523FF69AB64}"
EndProject
Project("{8BC9CEB8-8B4A-11D0-8D11-00A0C91BC942}") = "10_hoof_it", "2024\10_hoof_it\10_hoof_it.vcxproj", "{276ED2F1-F115-43F2-BFAA-7DB5E142E91B}"
EndProject
Project("{8BC9CEB8-8B4A-11D0-8D11-00A0C91BC942}") = "11_plutonian_pebbles", "2024\11_plutonian_pebbles\11_plutonian_pebbles.vcxproj", "{D189020B-96DE-46B0-9CFA-52E1EC7FF3C6}"
EndProject
Project("{8BC9CEB8-8B4A-11D0-8D11-00A0C91BC942}") = "12_garden_groups", "2024\12_garden_groups\12_garden_groups.vcxproj", "{082757EA-9378-444D-A681-74CE0D4D0C89}"
EndProject
Project("{8BC9CEB8-8B4A-11D0-8D11-00A0C91BC942}") = "13_claw_contraption", "2024\13_claw_contraption\13_claw_contraption.vcxproj", "{9107A5B0-FEF9-49EE-9870-4B0692CD1811}"
EndProject
Project("{8BC9CEB8-8B4A-11D0-8D11-00A0C91BC942}") = "14_restroom_redoubt", "2024\14_restroom_redoubt\14_restroom_redoubt.vcxproj", "{719FFA9D-FAB1-4EF7-8C59-F10EC8FBEA26}"
EndProject
Project("{8BC9CEB8-8B4A-11D0-8D11-00A0C91BC942}") = "15_warehouse_woes", "2024\15_warehouse_woes\15_warehouse_woes.vcxproj", "{83B0ADBE-AD63-447C-82D6-D26D95D3DA6F}"
EndProject
Project("{8BC9CEB8-8B4A-11D0-8D11-00A0C91BC942}") = "16_reindeer_maze", "2024\16_reindeer_maze\16_reindeer_maze.vcxproj", "{7AB746CC-B60A-4EA7-BB6F-E18219DBF03B}"
EndProject
Project("{8BC9CEB8-8B4A-11D0-8D11-00A0C91BC942}") = "17_chronospatial_computer", "2024\17_chronospatial_computer\17_chronospatial_computer.vcxproj", "{06CC5A4B-1C81-48AD-9469-9F1952E6AE9A}"
EndProject
Project("{8BC9CEB8-8B4A-11D0-8D11-00A0C91BC942}") = "18_ram_run", "2024\18_ram_run\18_ram_run.vcxproj", "{BFA7CFE7-1F19-4B53-8839-85BA6659381A}"
EndProject
Project("{8BC9CEB8-8B4A-11D0-8D11-00A0C91BC942}") = "19_linen_layout", "2024\19_linen_layout\19_linen_layout.vcxproj", "{987F8F1E-4D4D-4B22-8433-F213275C7214}"
EndProject
Global
	GlobalSection(SolutionConfigurationPlatforms) = preSolution
		Debug|x64 = Debug|x64
		Debug|x86 = Debug|x86
		Release|x64 = Release|x64
		Release|x86 = Release|x86
	EndGlobalSection
	GlobalSection(ProjectConfigurationPlatforms) = postSolution
		{623437A3-00C7-4C99-B6B1-8733933B2D35}.Debug|x64.ActiveCfg = Debug|x64
		{623437A3-00C7-4C99-B6B1-8733933B2D35}.Debug|x64.Build.0 = Debug|x64
		{623437A3-00C7-4C99-B6B1-8733933B2D35}.Debug|x86.ActiveCfg = Debug|Win32
		{623437A3-00C7-4C99-B6B1-8733933B2D35}.Debug|x86.Build.0 = Debug|Win32
		{623437A3-00C7-4C99-B6B1-8733933B2D35}.Release|x64.ActiveCfg = Release|x64
		{623437A3-00C7-4C99-B6B1-8733933B2D35}.Release|x64.Build.0 = Release|x64
		{623437A3-00C7-4C99-B6B1-8733933B2D35}.Release|x86.ActiveCfg = Release|Win32
		{623437A3-00C7-4C99-B6B1-8733933B2D35}.Release|x86.Build.0 = Release|Win32
		{DF19D07B-2089-42C2-911E-C0C538258693}.Debug|x64.ActiveCfg = Debug|x64
		{DF19D07B-2089-42C2-911E-C0C538258693}.Debug|x64.Build.0 = Debug|x64
		{DF19D07B-2089-42C2-911E-C0C538258693}.Debug|x86.ActiveCfg = Debug|Win32
		{DF19D07B-2089-42C2-911E-C0C538258693}.Debug|x86.Build.0 = Debug|Win32
		{DF19D07B-2089-42C2-911E-C0C538258693}.Release|x64.ActiveCfg = Release|x64
		{DF19D07B-2089-42C2-911E-C0C538258693}.Release|x64.Build.0 = Release|x64
		{DF19D07B-2089-42C2-911E-C0C538258693}.Release|x86.ActiveCfg = Release|Win32
		{DF19D07B-2089-42C2-911E-C0C538258693}.Release|x86.Build.0 = Release|Win32
		{36B59BB7-DAAB-468F-A156-028C4D8D947A}.Debug|x64.ActiveCfg = Debug|x64
		{36B59BB7-DAAB-468F-A156-028C4D8D947A}.Debug|x64.Build.0 = Debug|x64
		{36B59BB7-DAAB-468F-A156-028C4D8D947A}.Debug|x86.ActiveCfg = Debug|Win32
		{36B59BB7-DAAB-468F-A156-028C4D8D947A}.Debug|x86.Build.0 = Debug|Win32
		{36B59BB7-DAAB-468F-A156-028C4D8D947A}.Release|x64.ActiveCfg = Release|x64
		{36B59BB7-DAAB-468F-A156-028C4D8D947A}.Release|x64.Build.0 = Release|x64
		{36B59BB7-DAAB-468F-A156-028C4D8D947A}.Release|x86.ActiveCfg = Release|Win32
		{36B59BB7-DAAB-468F-A156-028C4D8D947A}.Release|x86.Build.0 = Release|Win32
		{26BA023F-0B4B-4BDD-8B2C-510883F811E5}.Debug|x64.ActiveCfg = Debug|x64
		{26BA023F-0B4B-4BDD-8B2C-510883F811E5}.Debug|x64.Build.0 = Debug|x64
		{26BA023F-0B4B-4BDD-8B2C-510883F811E5}.Debug|x86.ActiveCfg = Debug|Win32
		{26BA023F-0B4B-4BDD-8B2C-510883F811E5}.Debug|x86.Build.0 = Debug|Win32
		{26BA023F-0B4B-4BDD-8B2C-510883F811E5}.Release|x64.ActiveCfg = Release|x64
		{26BA023F-0B4B-4BDD-8B2C-510883F811E5}.Release|x64.Build.0 = Release|x64
		{26BA023F-0B4B-4BDD-8B2C-510883F811E5}.Release|x86.ActiveCfg = Release|Win32
		{26BA023F-0B4B-4BDD-8B2C-510883F811E5}.Release|x86.Build.0 = Release|Win32
		{9BFEB338-0DA6-499D-8664-1431E444E93E}.Debug|x64.ActiveCfg = Debug|x64
		{9BFEB338-0DA6-499D-8664-1431E444E93E}.Debug|x64.Build.0 = Debug|x64
		{9BFEB338-0DA6-499D-8664-1431E444E93E}.Debug|x86.ActiveCfg = Debug|Win32
		{9BFEB338-0DA6-499D-8664-1431E444E93E}.Debug|x86.Build.0 = Debug|Win32
		{9BFEB338-0DA6-499D-8664-1431E444E93E}.Release|x64.ActiveCfg = Release|x64
		{9BFEB338-0DA6-499D-8664-1431E444E93E}.Release|x64.Build.0 = Release|x64
		{9BFEB338-0DA6-499D-8664-1431E444E93E}.Release|x86.ActiveCfg = Release|Win32
		{9BFEB338-0DA6-499D-8664-1431E444E93E}.Release|x86.Build.0 = Release|Win32
		{3EF33F60-F10C-4B65-8514-1EB7E8F8DB82}.Debug|x64.ActiveCfg = Debug|x64
		{3EF33F60-F10C-4B65-8514-1EB7E8F8DB82}.Debug|x64.Build.0 = Debug|x64
		{3EF33F60-F10C-4B65-8514-1EB7E8F8DB82}.Debug|x86.ActiveCfg = Debug|Win32
		{3EF33F60-F10C-4B65-8514-1EB7E8F8DB82}.Debug|x86.Build.0 = Debug|Win32
		{3EF33F60-F10C-4B65-8514-1EB7E8F8DB82}.Release|x64.ActiveCfg = Release|x64
		{3EF33F60-F10C-4B65-8514-1EB7E8F8DB82}.Release|x64.Build.0 = Release|x64
		{3EF33F60-F10C-4B65-8514-1EB7E8F8DB82}.Release|x86.ActiveCfg = Release|Win32
		{3EF33F60-F10C-4B65-8514-1EB7E8F8DB82}.Release|x86.Build.0 = Release|Win32
		{8C65EC1A-2D05-402C-93E5-AFD349AA3552}.Debug|x64.ActiveCfg = Debug|x64
		{8C65EC1A-2D05-402C-93E5-AFD349AA3552}.Debug|x64.Build.0 = Debug|x64
		{8C65EC1A-2D05-402C-93E5-AFD349AA3552}.Debug|x86.ActiveCfg = Debug|Win32
		{8C65EC1A-2D05-402C-93E5-AFD349AA3552}.Debug|x86.Build.0 = Debug|Win32
		{8C65EC1A-2D05-402C-93E5-AFD349AA3552}.Release|x64.ActiveCfg = Release|x64
		{8C65EC1A-2D05-402C-93E5-AFD349AA3552}.Release|x64.Build.0 = Release|x64
		{8C65EC1A-2D05-402C-93E5-AFD349AA3552}.Release|x86.ActiveCfg = Release|Win32
		{8C65EC1A-2D05-402C-93E5-AFD349AA3552}.Release|x86.Build.0 = Release|Win32
		{F63F4241-F12E-41CE-A21A-A155B0ABCDF5}.Debug|x64.ActiveCfg = Debug|x64
		{F63F4241-F12E-41CE-A21A-A155B0ABCDF5}.Debug|x64.Build.0 = Debug|x64
		{F63F4241-F12E-41CE-A21A-A155B0ABCDF5}.Debug|x86.ActiveCfg = Debug|Win32
		{F63F4241-F12E-41CE-A21A-A155B0ABCDF5}.Debug|x86.Build.0 = Debug|Win32
		{F63F4241-F12E-41CE-A21A-A155B0ABCDF5}.Release|x64.ActiveCfg = Release|x64
		{F63F4241-F12E-41CE-A21A-A155B0ABCDF5}.Release|x64.Build.0 = Release|x64
		{F63F4241-F12E-41CE-A21A-A155B0ABCDF5}.Release|x86.ActiveCfg = Release|Win32
		{F63F4241-F12E-41CE-A21A-A155B0ABCDF5}.Release|x86.Build.0 = Release|Win32
		{2A9C0060-C8A6-4F70-9C45-C90A7B3D6E39}.Debug|x64.ActiveCfg = Debug|x64
		{2A9C0060-C8A6-4F70-9C45-C90A7B3D6E39}.Debug|x64.Build.0 = Debug|x64
		{2A9C0060-C8A6-4F70-9C45-C90A7B3D6E39}.Debug|x86.ActiveCfg = Debug|Win32
		{2A9C0060-C8A6-4F70-9C45-C90A7B3D6E39}.Debug|x86.Build.0 = Debug|Win32
		{2A9C0060-C8A6-4F70-9C45-C90A7B3D6E39}.Release|x64.ActiveCfg = Release|x64
		{2A9C0060-C8A6-4F70-9C45-C90A7B3D6E39}.Release|x64.Build.0 = Release|x64
		{2A9C0060-C8A6-4F70-9C45-C90A7B3D6E39}.Release|x86.ActiveCfg = Release|Win32
		{2A9C0060-C8A6-4F70-9C45-C90A7B3D6E39}.Release|x86.Build.0 = Release|Win32
		{134AEAAA-F26F-4C14-9601-8789A5D1B6FC}.Debug|x64.ActiveCfg = Debug|x64
		{134AEAAA-F26F-4C14-9601-8789A5D1B6FC}.Debug|x64.Build.0 = Debug|x64
		{134AEAAA-F26F-4C14-9601-8789A5D1B6FC}.Debug|x86.ActiveCfg = Debug|Win32
		{134AEAAA-F26F-4C14-9601-8789A5D1B6FC}.Debug|x86.Build.0 = Debug|Win32
		{134AEAAA-F26F-4C14-9601-8789A5D1B6FC}.Release|x64.ActiveCfg = Release|x64
		{134AEAAA-F26F-4C14-9601-8789A5D1B6FC}.Release|x64.Build.0 = Release|x64
		{134AEAAA-F26F-4C14-9601-8789A5D1B6FC}.Release|x86.ActiveCfg = Release|Win32
		{134AEAAA-F26F-4C14-9601-8789A5D1B6FC}.Release|x86.Build.0 = Release|Win32
		{37FC8E41-4B19-4456-902F-1AD934C5E335}.Debug|x64.ActiveCfg = Debug|x64
		{37FC8E41-4B19-4456-902F-1AD934C5E335}.Debug|x64.Build.0 = Debug|x64
		{37FC8E41-4B19-4456-902F-1AD934C5E335}.Debug|x86.ActiveCfg = Debug|Win32
		{37FC8E41-4B19-4456-902F-1AD934C5E335}.Debug|x86.Build.0 = Debug|Win32
		{37FC8E41-4B19-4456-902F-1AD934C5E335}.Release|x64.ActiveCfg = Release|x64
		{37FC8E41-4B19-4456-902F-1AD934C5E335}.Release|x64.Build.0 = Release|x64
		{37FC8E41-4B19-4456-902F-1AD934C5E335}.Release|x86.ActiveCfg = Release|Win32
		{37FC8E41-4B19-4456-902F-1AD934C5E335}.Release|x86.Build.0 = Release|Win32
		{FACA9C67-53D3-456A-9390-E724715D3D4A}.Debug|x64.ActiveCfg = Debug|x64
		{FACA9C67-53D3-456A-9390-E724715D3D4A}.Debug|x64.Build.0 = Debug|x64
		{FACA9C67-53D3-456A-9390-E724715D3D4A}.Debug|x86.ActiveCfg = Debug|Win32
		{FACA9C67-53D3-456A-9390-E724715D3D4A}.Debug|x86.Build.0 = Debug|Win32
		{FACA9C67-53D3-456A-9390-E724715D3D4A}.Release|x64.ActiveCfg = Release|x64
		{FACA9C67-53D3-456A-9390-E724715D3D4A}.Release|x64.Build.0 = Release|x64
		{FACA9C67-53D3-456A-9390-E724715D3D4A}.Release|x86.ActiveCfg = Release|Win32
		{FACA9C67-53D3-456A-9390-E724715D3D4A}.Release|x86.Build.0 = Release|Win32
		{247D5CA1-BCE8-4F55-8E17-317142833A65}.Debug|x64.ActiveCfg = Debug|x64
		{247D5CA1-BCE8-4F55-8E17-317142833A65}.Debug|x64.Build.0 = Debug|x64
		{247D5CA1-BCE8-4F55-8E17-317142833A65}.Debug|x86.ActiveCfg = Debug|Win32
		{247D5CA1-BCE8-4F55-8E17-317142833A65}.Debug|x86.Build.0 = Debug|Win32
		{247D5CA1-BCE8-4F55-8E17-317142833A65}.Release|x64.ActiveCfg = Release|x64
		{247D5CA1-BCE8-4F55-8E17-317142833A65}.Release|x64.Build.0 = Release|x64
		{247D5CA1-BCE8-4F55-8E17-317142833A65}.Release|x86.ActiveCfg = Release|Win32
		{247D5CA1-BCE8-4F55-8E17-317142833A65}.Release|x86.Build.0 = Release|Win32
		{61624FD7-5D4E-4E8C-84AC-14E4BFF399EE}.Debug|x64.ActiveCfg = Debug|x64
		{61624FD7-5D4E-4E8C-84AC-14E4BFF399EE}.Debug|x64.Build.0 = Debug|x64
		{61624FD7-5D4E-4E8C-84AC-14E4BFF399EE}.Debug|x86.ActiveCfg = Debug|Win32
		{61624FD7-5D4E-4E8C-84AC-14E4BFF399EE}.Debug|x86.Build.0 = Debug|Win32
		{61624FD7-5D4E-4E8C-84AC-14E4BFF399EE}.Release|x64.ActiveCfg = Release|x64
		{61624FD7-5D4E-4E8C-84AC-14E4BFF399EE}.Release|x64.Build.0 = Release|x64
		{61624FD7-5D4E-4E8C-84AC-14E4BFF399EE}.Release|x86.ActiveCfg = Release|Win32
		{61624FD7-5D4E-4E8C-84AC-14E4BFF399EE}.Release|x86.Build.0 = Release|Win32
		{1A65F28D-8AB4-4A10-9C6F-C76E3D43BBD5}.Debug|x64.ActiveCfg = Debug|x64
		{1A65F28D-8AB4-4A10-9C6F-C76E3D43BBD5}.Debug|x64.Build.0 = Debug|x64
		{1A65F28D-8AB4-4A10-9C6F-C76E3D43BBD5}.Debug|x86.ActiveCfg = Debug|Win32
		{1A65F28D-8AB4-4A10-9C6F-C76E3D43BBD5}.Debug|x86.Build.0 = Debug|Win32
		{1A65F28D-8AB4-4A10-9C6F-C76E3D43BBD5}.Release|x64.ActiveCfg = Release|x64
		{1A65F28D-8AB4-4A10-9C6F-C76E3D43BBD5}.Release|x64.Build.0 = Release|x64
		{1A65F28D-8AB4-4A10-9C6F-C76E3D43BBD5}.Release|x86.ActiveCfg = Release|Win32
		{1A65F28D-8AB4-4A10-9C6F-C76E3D43BBD5}.Release|x86.Build.0 = Release|Win32
		{40ACF365-D412-407F-B7FC-F758FABDF6DF}.Debug|x64.ActiveCfg = Debug|x64
		{40ACF365-D412-407F-B7FC-F758FABDF6DF}.Debug|x64.Build.0 = Debug|x64
		{40ACF365-D412-407F-B7FC-F758FABDF6DF}.Debug|x86.ActiveCfg = Debug|Win32
		{40ACF365-D412-407F-B7FC-F758FABDF6DF}.Debug|x86.Build.0 = Debug|Win32
		{40ACF365-D412-407F-B7FC-F758FABDF6DF}.Release|x64.ActiveCfg = Release|x64
		{40ACF365-D412-407F-B7FC-F758FABDF6DF}.Release|x64.Build.0 = Release|x64
		{40ACF365-D412-407F-B7FC-F758FABDF6DF}.Release|x86.ActiveCfg = Release|Win32
		{40ACF365-D412-407F-B7FC-F758FABDF6DF}.Release|x86.Build.0 = Release|Win32
		{51A9E1EC-2F67-45A7-B0F9-508C010068C4}.Debug|x64.ActiveCfg = Debug|x64
		{51A9E1EC-2F67-45A7-B0F9-508C010068C4}.Debug|x64.Build.0 = Debug|x64
		{51A9E1EC-2F67-45A7-B0F9-508C010068C4}.Debug|x86.ActiveCfg = Debug|Win32
		{51A9E1EC-2F67-45A7-B0F9-508C010068C4}.Debug|x86.Build.0 = Debug|Win32
		{51A9E1EC-2F67-45A7-B0F9-508C010068C4}.Release|x64.ActiveCfg = Release|x64
		{51A9E1EC-2F67-45A7-B0F9-508C010068C4}.Release|x64.Build.0 = Release|x64
		{51A9E1EC-2F67-45A7-B0F9-508C010068C4}.Release|x86.ActiveCfg = Release|Win32
		{51A9E1EC-2F67-45A7-B0F9-508C010068C4}.Release|x86.Build.0 = Release|Win32
		{B46BE0F2-F9D6-495F-B27F-3698F8AC3620}.Debug|x64.ActiveCfg = Debug|x64
		{B46BE0F2-F9D6-495F-B27F-3698F8AC3620}.Debug|x64.Build.0 = Debug|x64
		{B46BE0F2-F9D6-495F-B27F-3698F8AC3620}.Debug|x86.ActiveCfg = Debug|Win32
		{B46BE0F2-F9D6-495F-B27F-3698F8AC3620}.Debug|x86.Build.0 = Debug|Win32
		{B46BE0F2-F9D6-495F-B27F-3698F8AC3620}.Release|x64.ActiveCfg = Release|x64
		{B46BE0F2-F9D6-495F-B27F-3698F8AC3620}.Release|x64.Build.0 = Release|x64
		{B46BE0F2-F9D6-495F-B27F-3698F8AC3620}.Release|x86.ActiveCfg = Release|Win32
		{B46BE0F2-F9D6-495F-B27F-3698F8AC3620}.Release|x86.Build.0 = Release|Win32
		{50292C65-E414-4F81-982D-BDAC279E5BDC}.Debug|x64.ActiveCfg = Debug|x64
		{50292C65-E414-4F81-982D-BDAC279E5BDC}.Debug|x64.Build.0 = Debug|x64
		{50292C65-E414-4F81-982D-BDAC279E5BDC}.Debug|x86.ActiveCfg = Debug|Win32
		{50292C65-E414-4F81-982D-BDAC279E5BDC}.Debug|x86.Build.0 = Debug|Win32
		{50292C65-E414-4F81-982D-BDAC279E5BDC}.Release|x64.ActiveCfg = Release|x64
		{50292C65-E414-4F81-982D-BDAC279E5BDC}.Release|x64.Build.0 = Release|x64
		{50292C65-E414-4F81-982D-BDAC279E5BDC}.Release|x86.ActiveCfg = Release|Win32
		{50292C65-E414-4F81-982D-BDAC279E5BDC}.Release|x86.Build.0 = Release|Win32
		{55E70935-C4F8-46AF-9D73-B6621FD30922}.Debug|x64.ActiveCfg = Debug|x64
		{55E70935-C4F8-46AF-9D73-B6621FD30922}.Debug|x64.Build.0 = Debug|x64
		{55E70935-C4F8-46AF-9D73-B6621FD30922}.Debug|x86.ActiveCfg = Debug|Win32
		{55E70935-C4F8-46AF-9D73-B6621FD30922}.Debug|x86.Build.0 = Debug|Win32
		{55E70935-C4F8-46AF-9D73-B6621FD30922}.Release|x64.ActiveCfg = Release|x64
		{55E70935-C4F8-46AF-9D73-B6621FD30922}.Release|x64.Build.0 = Release|x64
		{55E70935-C4F8-46AF-9D73-B6621FD30922}.Release|x86.ActiveCfg = Release|Win32
		{55E70935-C4F8-46AF-9D73-B6621FD30922}.Release|x86.Build.0 = Release|Win32
		{E3B4E74F-0C95-41AB-AF2C-1D4E9EE0CCEC}.Debug|x64.ActiveCfg = Debug|x64
		{E3B4E74F-0C95-41AB-AF2C-1D4E9EE0CCEC}.Debug|x64.Build.0 = Debug|x64
		{E3B4E74F-0C95-41AB-AF2C-1D4E9EE0CCEC}.Debug|x86.ActiveCfg = Debug|Win32
		{E3B4E74F-0C95-41AB-AF2C-1D4E9EE0CCEC}.Debug|x86.Build.0 = Debug|Win32
		{E3B4E74F-0C95-41AB-AF2C-1D4E9EE0CCEC}.Release|x64.ActiveCfg = Release|x64
		{E3B4E74F-0C95-41AB-AF2C-1D4E9EE0CCEC}.Release|x64.Build.0 = Release|x64
		{E3B4E74F-0C95-41AB-AF2C-1D4E9EE0CCEC}.Release|x86.ActiveCfg = Release|Win32
		{E3B4E74F-0C95-41AB-AF2C-1D4E9EE0CCEC}.Release|x86.Build.0 = Release|Win32
		{D8129057-8FCC-47A1-8EFF-DC290F8217A7}.Debug|x64.ActiveCfg = Debug|x64
		{D8129057-8FCC-47A1-8EFF-DC290F8217A7}.Debug|x64.Build.0 = Debug|x64
		{D8129057-8FCC-47A1-8EFF-DC290F8217A7}.Debug|x86.ActiveCfg = Debug|Win32
		{D8129057-8FCC-47A1-8EFF-DC290F8217A7}.Debug|x86.Build.0 = Debug|Win32
		{D8129057-8FCC-47A1-8EFF-DC290F8217A7}.Release|x64.ActiveCfg = Release|x64
		{D8129057-8FCC-47A1-8EFF-DC290F8217A7}.Release|x64.Build.0 = Release|x64
		{D8129057-8FCC-47A1-8EFF-DC290F8217A7}.Release|x86.ActiveCfg = Release|Win32
		{D8129057-8FCC-47A1-8EFF-DC290F8217A7}.Release|x86.Build.0 = Release|Win32
		{DED8E28C-A274-4460-A650-75CA0526579F}.Debug|x64.ActiveCfg = Debug|x64
		{DED8E28C-A274-4460-A650-75CA0526579F}.Debug|x64.Build.0 = Debug|x64
		{DED8E28C-A274-4460-A650-75CA0526579F}.Debug|x86.ActiveCfg = Debug|Win32
		{DED8E28C-A274-4460-A650-75CA0526579F}.Debug|x86.Build.0 = Debug|Win32
		{DED8E28C-A274-4460-A650-75CA0526579F}.Release|x64.ActiveCfg = Release|x64
		{DED8E28C-A274-4460-A650-75CA0526579F}.Release|x64.Build.0 = Release|x64
		{DED8E28C-A274-4460-A650-75CA0526579F}.Release|x86.ActiveCfg = Release|Win32
		{DED8E28C-A274-4460-A650-75CA0526579F}.Release|x86.Build.0 = Release|Win32
		{3C286335-27B5-4A6B-A16B-795E27507C76}.Debug|x64.ActiveCfg = Debug|x64
		{3C286335-27B5-4A6B-A16B-795E27507C76}.Debug|x64.Build.0 = Debug|x64
		{3C286335-27B5-4A6B-A16B-795E27507C76}.Debug|x86.ActiveCfg = Debug|Win32
		{3C286335-27B5-4A6B-A16B-795E27507C76}.Debug|x86.Build.0 = Debug|Win32
		{3C286335-27B5-4A6B-A16B-795E27507C76}.Release|x64.ActiveCfg = Release|x64
		{3C286335-27B5-4A6B-A16B-795E27507C76}.Release|x64.Build.0 = Release|x64
		{3C286335-27B5-4A6B-A16B-795E27507C76}.Release|x86.ActiveCfg = Release|Win32
		{3C286335-27B5-4A6B-A16B-795E27507C76}.Release|x86.Build.0 = Release|Win32
		{97FD0230-9CE8-4D60-B166-145DE1D0CF04}.Debug|x64.ActiveCfg = Debug|x64
		{97FD0230-9CE8-4D60-B166-145DE1D0CF04}.Debug|x64.Build.0 = Debug|x64
		{97FD0230-9CE8-4D60-B166-145DE1D0CF04}.Debug|x86.ActiveCfg = Debug|Win32
		{97FD0230-9CE8-4D60-B166-145DE1D0CF04}.Debug|x86.Build.0 = Debug|Win32
		{97FD0230-9CE8-4D60-B166-145DE1D0CF04}.Release|x64.ActiveCfg = Release|x64
		{97FD0230-9CE8-4D60-B166-145DE1D0CF04}.Release|x64.Build.0 = Release|x64
		{97FD0230-9CE8-4D60-B166-145DE1D0CF04}.Release|x86.ActiveCfg = Release|Win32
		{97FD0230-9CE8-4D60-B166-145DE1D0CF04}.Release|x86.Build.0 = Release|Win32
		{4CBF2E3E-3DFC-4282-A5EA-716EE7D0FC99}.Debug|x64.ActiveCfg = Debug|x64
		{4CBF2E3E-3DFC-4282-A5EA-716EE7D0FC99}.Debug|x64.Build.0 = Debug|x64
		{4CBF2E3E-3DFC-4282-A5EA-716EE7D0FC99}.Debug|x86.ActiveCfg = Debug|Win32
		{4CBF2E3E-3DFC-4282-A5EA-716EE7D0FC99}.Debug|x86.Build.0 = Debug|Win32
		{4CBF2E3E-3DFC-4282-A5EA-716EE7D0FC99}.Release|x64.ActiveCfg = Release|x64
		{4CBF2E3E-3DFC-4282-A5EA-716EE7D0FC99}.Release|x64.Build.0 = Release|x64
		{4CBF2E3E-3DFC-4282-A5EA-716EE7D0FC99}.Release|x86.ActiveCfg = Release|Win32
		{4CBF2E3E-3DFC-4282-A5EA-716EE7D0FC99}.Release|x86.Build.0 = Release|Win32
		{C8835810-DE3B-492C-98A4-034D4F995737}.Debug|x64.ActiveCfg = Debug|x64
		{C8835810-DE3B-492C-98A4-034D4F995737}.Debug|x64.Build.0 = Debug|x64
		{C8835810-DE3B-492C-98A4-034D4F995737}.Debug|x86.ActiveCfg = Debug|Win32
		{C8835810-DE3B-492C-98A4-034D4F995737}.Debug|x86.Build.0 = Debug|Win32
		{C8835810-DE3B-492C-98A4-034D4F995737}.Release|x64.ActiveCfg = Release|x64
		{C8835810-DE3B-492C-98A4-034D4F995737}.Release|x64.Build.0 = Release|x64
		{C8835810-DE3B-492C-98A4-034D4F995737}.Release|x86.ActiveCfg = Release|Win32
		{C8835810-DE3B-492C-98A4-034D4F995737}.Release|x86.Build.0 = Release|Win32
		{A25F8F8A-EA2C-405A-8091-7ED01EC195B9}.Debug|x64.ActiveCfg = Debug|x64
		{A25F8F8A-EA2C-405A-8091-7ED01EC195B9}.Debug|x64.Build.0 = Debug|x64
		{A25F8F8A-EA2C-405A-8091-7ED01EC195B9}.Debug|x86.ActiveCfg = Debug|Win32
		{A25F8F8A-EA2C-405A-8091-7ED01EC195B9}.Debug|x86.Build.0 = Debug|Win32
		{A25F8F8A-EA2C-405A-8091-7ED01EC195B9}.Release|x64.ActiveCfg = Release|x64
		{A25F8F8A-EA2C-405A-8091-7ED01EC195B9}.Release|x64.Build.0 = Release|x64
		{A25F8F8A-EA2C-405A-8091-7ED01EC195B9}.Release|x86.ActiveCfg = Release|Win32
		{A25F8F8A-EA2C-405A-8091-7ED01EC195B9}.Release|x86.Build.0 = Release|Win32
		{C9242BC3-AF7F-4C27-B8B8-C523FF69AB64}.Debug|x64.ActiveCfg = Debug|x64
		{C9242BC3-AF7F-4C27-B8B8-C523FF69AB64}.Debug|x64.Build.0 = Debug|x64
		{C9242BC3-AF7F-4C27-B8B8-C523FF69AB64}.Debug|x86.ActiveCfg = Debug|Win32
		{C9242BC3-AF7F-4C27-B8B8-C523FF69AB64}.Debug|x86.Build.0 = Debug|Win32
		{C9242BC3-AF7F-4C27-B8B8-C523FF69AB64}.Release|x64.ActiveCfg = Release|x64
		{C9242BC3-AF7F-4C27-B8B8-C523FF69AB64}.Release|x64.Build.0 = Release|x64
		{C9242BC3-AF7F-4C27-B8B8-C523FF69AB64}.Release|x86.ActiveCfg = Release|Win32
		{C9242BC3-AF7F-4C27-B8B8-C523FF69AB64}.Release|x86.Build.0 = Release|Win32
		{276ED2F1-F115-43F2-BFAA-7DB5E142E91B}.Debug|x64.ActiveCfg = Debug|x64
		{276ED2F1-F115-43F2-BFAA-7DB5E142E91B}.Debug|x64.Build.0 = Debug|x64
		{276ED2F1-F115-43F2-BFAA-7DB5E142E91B}.Debug|x86.ActiveCfg = Debug|Win32
		{276ED2F1-F115-43F2-BFAA-7DB5E142E91B}.Debug|x86.Build.0 = Debug|Win32
		{276ED2F1-F115-43F2-BFAA-7DB5E142E91B}.Release|x64.ActiveCfg = Release|x64
		{276ED2F1-F115-43F2-BFAA-7DB5E142E91B}.Release|x64.Build.0 = Release|x64
		{276ED2F1-F115-43F2-BFAA-7DB5E142E91B}.Release|x86.ActiveCfg = Release|Win32
		{276ED2F1-F115-43F2-BFAA-7DB5E142E91B}.Release|x86.Build.0 = Release|Win32
		{D189020B-96DE-46B0-9CFA-52E1EC7FF3C6}.Debug|x64.ActiveCfg = Debug|x64
		{D189020B-96DE-46B0-9CFA-52E1EC7FF3C6}.Debug|x64.Build.0 = Debug|x64
		{D189020B-96DE-46B0-9CFA-52E1EC7FF3C6}.Debug|x86.ActiveCfg = Debug|Win32
		{D189020B-96DE-46B0-9CFA-52E1EC7FF3C6}.Debug|x86.Build.0 = Debug|Win32
		{D189020B-96DE-46B0-9CFA-52E1EC7FF3C6}.Release|x64.ActiveCfg = Release|x64
		{D189020B-96DE-46B0-9CFA-52E1EC7FF3C6}.Release|x64.Build.0 = Release|x64
		{D189020B-96DE-46B0-9CFA-52E1EC7FF3C6}.Release|x86.ActiveCfg = Release|Win32
		{D189020B-96DE-46B0-9CFA-52E1EC7FF3C6}.Release|x86.Build.0 = Release|Win32
		{082757EA-9378-444D-A681-74CE0D4D0C89}.Debug|x64.ActiveCfg = Debug|x64
		{082757EA-9378-444D-A681-74CE0D4D0C89}.Debug|x64.Build.0 = Debug|x64
		{082757EA-9378-444D-A681-74CE0D4D0C89}.Debug|x86.ActiveCfg = Debug|Win32
		{082757EA-9378-444D-A681-74CE0D4D0C89}.Debug|x86.Build.0 = Debug|Win32
		{082757EA-9378-444D-A681-74CE0D4D0C89}.Release|x64.ActiveCfg = Release|x64
		{082757EA-9378-444D-A681-74CE0D4D0C89}.Release|x64.Build.0 = Release|x64
		{082757EA-9378-444D-A681-74CE0D4D0C89}.Release|x86.ActiveCfg = Release|Win32
		{082757EA-9378-444D-A681-74CE0D4D0C89}.Release|x86.Build.0 = Release|Win32
		{9107A5B0-FEF9-49EE-9870-4B0692CD1811}.Debug|x64.ActiveCfg = Debug|x64
		{9107A5B0-FEF9-49EE-9870-4B0692CD1811}.Debug|x64.Build.0 = Debug|x64
		{9107A5B0-FEF9-49EE-9870-4B0692CD1811}.Debug|x86.ActiveCfg = Debug|Win32
		{9107A5B0-FEF9-49EE-9870-4B0692CD1811}.Debug|x86.Build.0 = Debug|Win32
		{9107A5B0-FEF9-49EE-9870-4B0692CD1811}.Release|x64.ActiveCfg = Release|x64
		{9107A5B0-FEF9-49EE-9870-4B0692CD1811}.Release|x64.Build.0 = Release|x64
		{9107A5B0-FEF9-49EE-9870-4B0692CD1811}.Release|x86.ActiveCfg = Release|Win32
		{9107A5B0-FEF9-49EE-9870-4B0692CD1811}.Release|x86.Build.0 = Release|Win32
		{719FFA9D-FAB1-4EF7-8C59-F10EC8FBEA26}.Debug|x64.ActiveCfg = Debug|x64
		{719FFA9D-FAB1-4EF7-8C59-F10EC8FBEA26}.Debug|x64.Build.0 = Debug|x64
		{719FFA9D-FAB1-4EF7-8C59-F10EC8FBEA26}.Debug|x86.ActiveCfg = Debug|Win32
		{719FFA9D-FAB1-4EF7-8C59-F10EC8FBEA26}.Debug|x86.Build.0 = Debug|Win32
		{719FFA9D-FAB1-4EF7-8C59-F10EC8FBEA26}.Release|x64.ActiveCfg = Release|x64
		{719FFA9D-FAB1-4EF7-8C59-F10EC8FBEA26}.Release|x64.Build.0 = Release|x64
		{719FFA9D-FAB1-4EF7-8C59-F10EC8FBEA26}.Release|x86.ActiveCfg = Release|Win32
		{719FFA9D-FAB1-4EF7-8C59-F10EC8FBEA26}.Release|x86.Build.0 = Release|Win32
		{83B0ADBE-AD63-447C-82D6-D26D95D3DA6F}.Debug|x64.ActiveCfg = Debug|x64
		{83B0ADBE-AD63-447C-82D6-D26D95D3DA6F}.Debug|x64.Build.0 = Debug|x64
		{83B0ADBE-AD63-447C-82D6-D26D95D3DA6F}.Debug|x86.ActiveCfg = Debug|Win32
		{83B0ADBE-AD63-447C-82D6-D26D95D3DA6F}.Debug|x86.Build.0 = Debug|Win32
		{83B0ADBE-AD63-447C-82D6-D26D95D3DA6F}.Release|x64.ActiveCfg = Release|x64
		{83B0ADBE-AD63-447C-82D6-D26D95D3DA6F}.Release|x64.Build.0 = Release|x64
		{83B0ADBE-AD63-447C-82D6-D26D95D3DA6F}.Release|x86.ActiveCfg = Release|Win32
		{83B0ADBE-AD63-447C-82D6-D26D95D3DA6F}.Release|x86.Build.0 = Release|Win32
		{7AB746CC-B60A-4EA7-BB6F-E18219DBF03B}.Debug|x64.ActiveCfg = Debug|x64
		{7AB746CC-B60A-4EA7-BB6F-E18219DBF03B}.Debug|x64.Build.0 = Debug|x64
		{7AB746CC-B60A-4EA7-BB6F-E18219DBF03B}.Debug|x86.ActiveCfg = Debug|Win32
		{7AB746CC-B60A-4EA7-BB6F-E18219DBF03B}.Debug|x86.Build.0 = Debug|Win32
		{7AB746CC-B60A-4EA7-BB6F-E18219DBF03B}.Release|x64.ActiveCfg = Release|x64
		{7AB746CC-B60A-4EA7-BB6F-E18219DBF03B}.Release|x64.Build.0 = Release|x64
		{7AB746CC-B60A-4EA7-BB6F-E18219DBF03B}.Release|x86.ActiveCfg = Release|Win32
		{7AB746CC-B60A-4EA7-BB6F-E18219DBF03B}.Release|x86.Build.0 = Release|Win32
		{06CC5A4B-1C81-48AD-9469-9F1952E6AE9A}.Debug|x64.ActiveCfg = Debug|x64
		{06CC5A4B-1C81-48AD-9469-9F1952E6AE9A}.Debug|x64.Build.0 = Debug|x64
		{06CC5A4B-1C81-48AD-9469-9F1952E6AE9A}.Debug|x86.ActiveCfg = Debug|Win32
		{06CC5A4B-1C81-48AD-9469-9F1952E6AE9A}.Debug|x86.Build.0 = Debug|Win32
		{06CC5A4B-1C81-48AD-9469-9F1952E6AE9A}.Release|x64.ActiveCfg = Release|x64
		{06CC5A4B-1C81-48AD-9469-9F1952E6AE9A}.Release|x64.Build.0 = Release|x64
		{06CC5A4B-1C81-48AD-9469-9F1952E6AE9A}.Release|x86.ActiveCfg = Release|Win32
		{06CC5A4B-1C81-48AD-9469-9F1952E6AE9A}.Release|x86.Build.0 = Release|Win32
		{BFA7CFE7-1F19-4B53-8839-85BA6659381A}.Debug|x64.ActiveCfg = Debug|x64
		{BFA7CFE7-1F19-4B53-8839-85BA6659381A}.Debug|x64.Build.0 = Debug|x64
		{BFA7CFE7-1F19-4B53-8839-85BA6659381A}.Debug|x86.ActiveCfg = Debug|Win32
		{BFA7CFE7-1F19-4B53-8839-85BA6659381A}.Debug|x86.Build.0 = Debug|Win32
		{BFA7CFE7-1F19-4B53-8839-85BA6659381A}.Release|x64.ActiveCfg = Release|x64
		{BFA7CFE7-1F19-4B53-8839-85BA6659381A}.Release|x64.Build.0 = Release|x64
		{BFA7CFE7-1F19-4B53-8839-85BA6659381A}.Release|x86.ActiveCfg = Release|Win32
		{BFA7CFE7-1F19-4B53-8839-85BA6659381A}.Release|x86.Build.0 = Release|Win32
		{987F8F1E-4D4D-4B22-8433-F213275C7214}.Debug|x64.ActiveCfg = Debug|x64
		{987F8F1E-4D4D-4B22-8433-F213275C7214}.Debug|x64.Build.0 = Debug|x64
		{987F8F1E-4D4D-4B22-8433-F213275C7214}.Debug|x86.ActiveCfg = Debug|Win32
		{987F8F1E-4D4D-4B22-8433-F213275C7214}.Debug|x86.Build.0 = Debug|Win32
		{987F8F1E-4D4D-4B22-8433-F213275C7214}.Release|x64.ActiveCfg = Release|x64
		{987F8F1E-4D4D-4B22-8433-F213275C7214}.Release|x64.Build.0 = Release|x64
		{987F8F1E-4D4D-4B22-8433-F213275C7214}.Release|x86.ActiveCfg = Release|Win32
		{987F8F1E-4D4D-4B22-8433-F213275C7214}.Release|x86.Build.0 = Release|Win32
	EndGlobalSection
	GlobalSection(SolutionProperties) = preSolution
		HideSolutionNode = FALSE
	EndGlobalSection
	GlobalSection(NestedProjects) = preSolution
		{623437A3-00C7-4C99-B6B1-8733933B2D35} = {6B66E2D4-204A-4D06-9916-0B77C223C1F3}
		{DF19D07B-2089-42C2-911E-C0C538258693} = {6B66E2D4-204A-4D06-9916-0B77C223C1F3}
		{36B59BB7-DAAB-468F-A156-028C4D8D947A} = {6B66E2D4-204A-4D06-9916-0B77C223C1F3}
		{26BA023F-0B4B-4BDD-8B2C-510883F811E5} = {6B66E2D4-204A-4D06-9916-0B77C223C1F3}
		{9BFEB338-0DA6-499D-8664-1431E444E93E} = {6B66E2D4-204A-4D06-9916-0B77C223C1F3}
		{3EF33F60-F10C-4B65-8514-1EB7E8F8DB82} = {6B66E2D4-204A-4D06-9916-0B77C223C1F3}
		{8C65EC1A-2D05-402C-93E5-AFD349AA3552} = {6B66E2D4-204A-4D06-9916-0B77C223C1F3}
		{F63F4241-F12E-41CE-A21A-A155B0ABCDF5} = {6B66E2D4-204A-4D06-9916-0B77C223C1F3}
		{2A9C0060-C8A6-4F70-9C45-C90A7B3D6E39} = {6B66E2D4-204A-4D06-9916-0B77C223C1F3}
		{134AEAAA-F26F-4C14-9601-8789A5D1B6FC} = {6B66E2D4-204A-4D06-9916-0B77C223C1F3}
		{37FC8E41-4B19-4456-902F-1AD934C5E335} = {6B66E2D4-204A-4D06-9916-0B77C223C1F3}
		{FACA9C67-53D3-456A-9390-E724715D3D4A} = {6B66E2D4-204A-4D06-9916-0B77C223C1F3}
		{247D5CA1-BCE8-4F55-8E17-317142833A65} = {6B66E2D4-204A-4D06-9916-0B77C223C1F3}
		{61624FD7-5D4E-4E8C-84AC-14E4BFF399EE} = {6B66E2D4-204A-4D06-9916-0B77C223C1F3}
		{1A65F28D-8AB4-4A10-9C6F-C76E3D43BBD5} = {6B66E2D4-204A-4D06-9916-0B77C223C1F3}
		{40ACF365-D412-407F-B7FC-F758FABDF6DF} = {6B66E2D4-204A-4D06-9916-0B77C223C1F3}
		{51A9E1EC-2F67-45A7-B0F9-508C010068C4} = {6B66E2D4-204A-4D06-9916-0B77C223C1F3}
		{B46BE0F2-F9D6-495F-B27F-3698F8AC3620} = {6B66E2D4-204A-4D06-9916-0B77C223C1F3}
		{50292C65-E414-4F81-982D-BDAC279E5BDC} = {6B66E2D4-204A-4D06-9916-0B77C223C1F3}
		{55E70935-C4F8-46AF-9D73-B6621FD30922} = {6B66E2D4-204A-4D06-9916-0B77C223C1F3}
		{E3B4E74F-0C95-41AB-AF2C-1D4E9EE0CCEC} = {9C63F9AA-9C7D-4180-812E-24DD3AB46F2A}
		{D8129057-8FCC-47A1-8EFF-DC290F8217A7} = {9C63F9AA-9C7D-4180-812E-24DD3AB46F2A}
		{DED8E28C-A274-4460-A650-75CA0526579F} = {9C63F9AA-9C7D-4180-812E-24DD3AB46F2A}
		{3C286335-27B5-4A6B-A16B-795E27507C76} = {9C63F9AA-9C7D-4180-812E-24DD3AB46F2A}
		{97FD0230-9CE8-4D60-B166-145DE1D0CF04} = {9C63F9AA-9C7D-4180-812E-24DD3AB46F2A}
		{4CBF2E3E-3DFC-4282-A5EA-716EE7D0FC99} = {9C63F9AA-9C7D-4180-812E-24DD3AB46F2A}
		{C8835810-DE3B-492C-98A4-034D4F995737} = {9C63F9AA-9C7D-4180-812E-24DD3AB46F2A}
		{A25F8F8A-EA2C-405A-8091-7ED01EC195B9} = {9C63F9AA-9C7D-4180-812E-24DD3AB46F2A}
		{C9242BC3-AF7F-4C27-B8B8-C523FF69AB64} = {9C63F9AA-9C7D-4180-812E-24DD3AB46F2A}
		{276ED2F1-F115-43F2-BFAA-7DB5E142E91B} = {9C63F9AA-9C7D-4180-812E-24DD3AB46F2A}
		{D189020B-96DE-46B0-9CFA-52E1EC7FF3C6} = {9C63F9AA-9C7D-4180-812E-24DD3AB46F2A}
		{082757EA-9378-444D-A681-74CE0D4D0C89} = {9C63F9AA-9C7D-4180-812E-24DD3AB46F2A}
		{9107A5B0-FEF9-49EE-9870-4B0692CD1811} = {9C63F9AA-9C7D-4180-812E-24DD3AB46F2A}
		{719FFA9D-FAB1-4EF7-8C59-F10EC8FBEA26} = {9C63F9AA-9C7D-4180-812E-24DD3AB46F2A}
		{83B0ADBE-AD63-447C-82D6-D26D95D3DA6F} = {9C63F9AA-9C7D-4180-812E-24DD3AB46F2A}
		{7AB746CC-B60A-4EA7-BB6F-E18219DBF03B} = {9C63F9AA-9C7D-4180-812E-24DD3AB46F2A}
		{06CC5A4B-1C81-48AD-9469-9F1952E6AE9A} = {9C63F9AA-9C7D-4180-812E-24DD3AB46F2A}
		{BFA7CFE7-1F19-4B53-8839-85BA6659381A} = {9C63F9AA-9C7D-4180-812E-24DD3AB46F2A}
		{987F8F1E-4D4D-4B22-8433-F213275C7214} = {9C63F9AA-9C7D-4180-812E-24DD3AB46F2A}
	EndGlobalSection
	GlobalSection(ExtensibilityGlobals) = postSolution
		SolutionGuid = {383C9ADD-2BD7-4EE3-AB80-C1F7D63C29CD}
	EndGlobalSection
EndGlobal
